
Microsoft Visual Studio Solution File, Format Version 12.00
# Visual Studio Version 17
VisualStudioVersion = 17.3.32901.215
MinimumVisualStudioVersion = 10.0.40219.1
Project("{FAE04EC0-301F-11D3-BF4B-00C04F79EFBC}") = "HangmanGame", "HangmanGame\HangmanGame.csproj", "{62CDD632-2358-4958-8FB9-D354420CD05A}"
EndProject
Global
	GlobalSection(SolutionConfigurationPlatforms) = preSolution
		Debug|Any CPU = Debug|Any CPU
		Release|Any CPU = Release|Any CPU
	EndGlobalSection
	GlobalSection(ProjectConfigurationPlatforms) = postSolution
		{62CDD632-2358-4958-8FB9-D354420CD05A}.Debug|Any CPU.ActiveCfg = Debug|Any CPU
		{62CDD632-2358-4958-8FB9-D354420CD05A}.Debug|Any CPU.Build.0 = Debug|Any CPU
		{62CDD632-2358-4958-8FB9-D354420CD05A}.Release|Any CPU.ActiveCfg = Release|Any CPU
		{62CDD632-2358-4958-8FB9-D354420CD05A}.Release|Any CPU.Build.0 = Release|Any CPU
	EndGlobalSection
	GlobalSection(SolutionProperties) = preSolution
		HideSolutionNode = FALSE
	EndGlobalSection
	GlobalSection(ExtensibilityGlobals) = postSolution
		SolutionGuid = {220B64A5-6199-4CFC-9632-5ABEE6259989}
	EndGlobalSection
EndGlobal
